
Microsoft Visual Studio Solution File, Format Version 12.00
Project("{FAE04EC0-301F-11D3-BF4B-00C04F79EFBC}") = "simulas_test", "simulas_test.csproj", "{B2CE6B31-0C7C-4D89-A88A-51071DCC850A}"
EndProject
Global
	GlobalSection(SolutionConfigurationPlatforms) = preSolution
		Debug|Any CPU = Debug|Any CPU
		Release|Any CPU = Release|Any CPU
	EndGlobalSection
	GlobalSection(ProjectConfigurationPlatforms) = postSolution
		{B2CE6B31-0C7C-4D89-A88A-51071DCC850A}.Debug|Any CPU.ActiveCfg = Debug|Any CPU
		{B2CE6B31-0C7C-4D89-A88A-51071DCC850A}.Debug|Any CPU.Build.0 = Debug|Any CPU
		{B2CE6B31-0C7C-4D89-A88A-51071DCC850A}.Release|Any CPU.ActiveCfg = Release|Any CPU
		{B2CE6B31-0C7C-4D89-A88A-51071DCC850A}.Release|Any CPU.Build.0 = Release|Any CPU
	EndGlobalSection
EndGlobal
