
Microsoft Visual Studio Solution File, Format Version 12.00
Project("{FAE04EC0-301F-11D3-BF4B-00C04F79EFBC}") = "The_triangle_farmer", "The_triangle_farmer.csproj", "{AE095886-159D-4CFA-B1A7-74B442045C62}"
EndProject
Global
	GlobalSection(SolutionConfigurationPlatforms) = preSolution
		Debug|Any CPU = Debug|Any CPU
		Release|Any CPU = Release|Any CPU
	EndGlobalSection
	GlobalSection(ProjectConfigurationPlatforms) = postSolution
		{AE095886-159D-4CFA-B1A7-74B442045C62}.Debug|Any CPU.ActiveCfg = Debug|Any CPU
		{AE095886-159D-4CFA-B1A7-74B442045C62}.Debug|Any CPU.Build.0 = Debug|Any CPU
		{AE095886-159D-4CFA-B1A7-74B442045C62}.Release|Any CPU.ActiveCfg = Release|Any CPU
		{AE095886-159D-4CFA-B1A7-74B442045C62}.Release|Any CPU.Build.0 = Release|Any CPU
	EndGlobalSection
EndGlobal
